// !$*UTF8*$!
{
	archiveVersion = 1;
	classes = {
	};
	objectVersion = 55;
	objects = {

/* Begin PBXBuildFile section */
		201768362C14D79D00F762E1 /* AppDelegate.swift in Sources */ = {isa = PBXBuildFile; fileRef = 201768352C14D79D00F762E1 /* AppDelegate.swift */; };
		201768382C14D79D00F762E1 /* SceneDelegate.swift in Sources */ = {isa = PBXBuildFile; fileRef = 201768372C14D79D00F762E1 /* SceneDelegate.swift */; };
		2017683A2C14D79D00F762E1 /* HomeViewController.swift in Sources */ = {isa = PBXBuildFile; fileRef = 201768392C14D79D00F762E1 /* HomeViewController.swift */; };
		201768402C14D79D00F762E1 /* MarvelApp.xcdatamodeld in Sources */ = {isa = PBXBuildFile; fileRef = 2017683E2C14D79D00F762E1 /* MarvelApp.xcdatamodeld */; };
		201768422C14D79F00F762E1 /* Assets.xcassets in Resources */ = {isa = PBXBuildFile; fileRef = 201768412C14D79F00F762E1 /* Assets.xcassets */; };
		201768452C14D79F00F762E1 /* LaunchScreen.storyboard in Resources */ = {isa = PBXBuildFile; fileRef = 201768432C14D79F00F762E1 /* LaunchScreen.storyboard */; };
		204809872C16014D0003F115 /* HomeView.swift in Sources */ = {isa = PBXBuildFile; fileRef = 204809862C16014D0003F115 /* HomeView.swift */; };
		2048098A2C1603E60003F115 /* HomeCoverCollectionViewCell.swift in Sources */ = {isa = PBXBuildFile; fileRef = 204809892C1603E60003F115 /* HomeCoverCollectionViewCell.swift */; };
		2048098C2C1604AB0003F115 /* HomeComicCollectionViewCell.swift in Sources */ = {isa = PBXBuildFile; fileRef = 2048098B2C1604AB0003F115 /* HomeComicCollectionViewCell.swift */; };
		2048098E2C1604FE0003F115 /* HomeCharacterCollectionViewCell.swift in Sources */ = {isa = PBXBuildFile; fileRef = 2048098D2C1604FE0003F115 /* HomeCharacterCollectionViewCell.swift */; };
		204809912C1606400003F115 /* HomeCollectionViewDataSource.swift in Sources */ = {isa = PBXBuildFile; fileRef = 204809902C1606400003F115 /* HomeCollectionViewDataSource.swift */; };
		204809932C1608280003F115 /* HomePresenter.swift in Sources */ = {isa = PBXBuildFile; fileRef = 204809922C1608280003F115 /* HomePresenter.swift */; };
		204809952C160A0F0003F115 /* HomeViewProtocol.swift in Sources */ = {isa = PBXBuildFile; fileRef = 204809942C160A0F0003F115 /* HomeViewProtocol.swift */; };
		204809982C160ADE0003F115 /* AppColor.swift in Sources */ = {isa = PBXBuildFile; fileRef = 204809972C160ADE0003F115 /* AppColor.swift */; };
		2048099B2C160E0D0003F115 /* HomeRouter.swift in Sources */ = {isa = PBXBuildFile; fileRef = 2048099A2C160E0D0003F115 /* HomeRouter.swift */; };
		2048099E2C160FE00003F115 /* APIConstant.swift in Sources */ = {isa = PBXBuildFile; fileRef = 2048099D2C160FE00003F115 /* APIConstant.swift */; };
		204809A02C1610D90003F115 /* Endpoint.swift in Sources */ = {isa = PBXBuildFile; fileRef = 2048099F2C1610D90003F115 /* Endpoint.swift */; };
		204809A22C16111C0003F115 /* NetworkServiceProtocol.swift in Sources */ = {isa = PBXBuildFile; fileRef = 204809A12C16111C0003F115 /* NetworkServiceProtocol.swift */; };
		204809A42C16112F0003F115 /* NetworkService.swift in Sources */ = {isa = PBXBuildFile; fileRef = 204809A32C16112F0003F115 /* NetworkService.swift */; };
		204809A72C1629040003F115 /* FetchError.swift in Sources */ = {isa = PBXBuildFile; fileRef = 204809A62C1629040003F115 /* FetchError.swift */; };
		204809A92C1635520003F115 /* BaseResponseDTO.swift in Sources */ = {isa = PBXBuildFile; fileRef = 204809A82C1635520003F115 /* BaseResponseDTO.swift */; };
		204809AB2C1637840003F115 /* CharacterDTO.swift in Sources */ = {isa = PBXBuildFile; fileRef = 204809AA2C1637840003F115 /* CharacterDTO.swift */; };
		204809AE2C163E290003F115 /* ComicDTO.swift in Sources */ = {isa = PBXBuildFile; fileRef = 204809AD2C163E290003F115 /* ComicDTO.swift */; };
		204809B02C163E800003F115 /* DataClassDTO.swift in Sources */ = {isa = PBXBuildFile; fileRef = 204809AF2C163E800003F115 /* DataClassDTO.swift */; };
		204809B22C1643B50003F115 /* ThumbnailDTO.swift in Sources */ = {isa = PBXBuildFile; fileRef = 204809B12C1643B50003F115 /* ThumbnailDTO.swift */; };
		204A9A282C1893D3002500BA /* AppFont.swift in Sources */ = {isa = PBXBuildFile; fileRef = 204A9A272C1893D3002500BA /* AppFont.swift */; };
		204A9A2D2C18CCA8002500BA /* HomeCollectionViewSectionHeaderView.swift in Sources */ = {isa = PBXBuildFile; fileRef = 204A9A2C2C18CCA8002500BA /* HomeCollectionViewSectionHeaderView.swift */; };
		204A9A302C18D23A002500BA /* UIColor+Extension.swift in Sources */ = {isa = PBXBuildFile; fileRef = 204A9A2F2C18D23A002500BA /* UIColor+Extension.swift */; };
		204A9A332C18E172002500BA /* TabBarController.swift in Sources */ = {isa = PBXBuildFile; fileRef = 204A9A322C18E172002500BA /* TabBarController.swift */; };
		205D1ADF2C2437AD009AD2E8 /* String+Extension.swift in Sources */ = {isa = PBXBuildFile; fileRef = 205D1ADE2C2437AD009AD2E8 /* String+Extension.swift */; };
		205D1AE12C246AFB009AD2E8 /* AdditionalContentCDO+CoreDataClass.swift in Sources */ = {isa = PBXBuildFile; fileRef = 205D1AE02C246AFB009AD2E8 /* AdditionalContentCDO+CoreDataClass.swift */; };
		206E0B5B2C2174FE00B30BB4 /* AlertControllerFabric.swift in Sources */ = {isa = PBXBuildFile; fileRef = 206E0B5A2C2174FE00B30BB4 /* AlertControllerFabric.swift */; };
		206E0B5D2C21763100B30BB4 /* AppConstant.swift in Sources */ = {isa = PBXBuildFile; fileRef = 206E0B5C2C21763100B30BB4 /* AppConstant.swift */; };
		2084EC792C170E6900F6B8C6 /* SeriesDTO.swift in Sources */ = {isa = PBXBuildFile; fileRef = 2084EC782C170E6900F6B8C6 /* SeriesDTO.swift */; };
		2084EC7B2C17102700F6B8C6 /* CreatorDTO.swift in Sources */ = {isa = PBXBuildFile; fileRef = 2084EC7A2C17102700F6B8C6 /* CreatorDTO.swift */; };
		2084EC7D2C17113000F6B8C6 /* EventDTO.swift in Sources */ = {isa = PBXBuildFile; fileRef = 2084EC7C2C17113000F6B8C6 /* EventDTO.swift */; };
		2084EC822C171CB200F6B8C6 /* Comic.swift in Sources */ = {isa = PBXBuildFile; fileRef = 2084EC812C171CA000F6B8C6 /* Comic.swift */; };
		2084EC882C171CBC00F6B8C6 /* Event.swift in Sources */ = {isa = PBXBuildFile; fileRef = 2084EC852C171CBC00F6B8C6 /* Event.swift */; };
		2084EC892C171CBC00F6B8C6 /* Creator.swift in Sources */ = {isa = PBXBuildFile; fileRef = 2084EC832C171CBC00F6B8C6 /* Creator.swift */; };
		2084EC8A2C171CBC00F6B8C6 /* Series.swift in Sources */ = {isa = PBXBuildFile; fileRef = 2084EC862C171CBC00F6B8C6 /* Series.swift */; };
		2084EC8B2C171CBC00F6B8C6 /* Character.swift in Sources */ = {isa = PBXBuildFile; fileRef = 2084EC842C171CBC00F6B8C6 /* Character.swift */; };
		2084EC8E2C1736D000F6B8C6 /* HomeAssembly.swift in Sources */ = {isa = PBXBuildFile; fileRef = 2084EC8D2C1736D000F6B8C6 /* HomeAssembly.swift */; };
		2084EC902C17902100F6B8C6 /* HomeViewModel.swift in Sources */ = {isa = PBXBuildFile; fileRef = 2084EC8F2C17902100F6B8C6 /* HomeViewModel.swift */; };
		20B456292C1B3E5B005AD068 /* ContentDetailAssembly.swift in Sources */ = {isa = PBXBuildFile; fileRef = 20B456142C1B36AB005AD068 /* ContentDetailAssembly.swift */; };
		20B4562A2C1B3E5E005AD068 /* ContentDetailRouter.swift in Sources */ = {isa = PBXBuildFile; fileRef = 20B456162C1B3725005AD068 /* ContentDetailRouter.swift */; };
		20B4562B2C1B3E61005AD068 /* ContentDetailCollectionViewDataSource.swift in Sources */ = {isa = PBXBuildFile; fileRef = 20B456182C1B3798005AD068 /* ContentDetailCollectionViewDataSource.swift */; };
		20B4562C2C1B3E65005AD068 /* ContentDetailViewModel.swift in Sources */ = {isa = PBXBuildFile; fileRef = 20B4561E2C1B3937005AD068 /* ContentDetailViewModel.swift */; };
		20B4562F2C1B3E6A005AD068 /* ContentDetailCollectionViewSectionHeaderView.swift in Sources */ = {isa = PBXBuildFile; fileRef = 20B456212C1B39E3005AD068 /* ContentDetailCollectionViewSectionHeaderView.swift */; };
		20B456302C1B3E6E005AD068 /* ContentDetailDescriptionCollectionViewCell.swift in Sources */ = {isa = PBXBuildFile; fileRef = 20B456222C1B3A33005AD068 /* ContentDetailDescriptionCollectionViewCell.swift */; };
		20B456312C1B3E6E005AD068 /* ContentDetailContentCollectionViewCell.swift in Sources */ = {isa = PBXBuildFile; fileRef = 20B456232C1B3A34005AD068 /* ContentDetailContentCollectionViewCell.swift */; };
		20B456322C1B3E71005AD068 /* ContentDetailViewProtocol.swift in Sources */ = {isa = PBXBuildFile; fileRef = 20B456242C1B3B22005AD068 /* ContentDetailViewProtocol.swift */; };
		20B456332C1B3E75005AD068 /* ContentDetailViewController.swift in Sources */ = {isa = PBXBuildFile; fileRef = 20B456252C1B3B58005AD068 /* ContentDetailViewController.swift */; };
		20B456342C1B3E75005AD068 /* ContentDetailView.swift in Sources */ = {isa = PBXBuildFile; fileRef = 20B456262C1B3B58005AD068 /* ContentDetailView.swift */; };
		20B456352C1B3E78005AD068 /* ContentDetailPresenter.swift in Sources */ = {isa = PBXBuildFile; fileRef = 20B456282C1B3CAF005AD068 /* ContentDetailPresenter.swift */; };
		20B456372C1B4195005AD068 /* ContentType.swift in Sources */ = {isa = PBXBuildFile; fileRef = 20B456362C1B4195005AD068 /* ContentType.swift */; };
		20CA9C4B2C1C34A30005709A /* DescriptableProtocol.swift in Sources */ = {isa = PBXBuildFile; fileRef = 20CA9C4A2C1C34A30005709A /* DescriptableProtocol.swift */; };
		20CA9C502C1C66A20005709A /* TextObjectDTO.swift in Sources */ = {isa = PBXBuildFile; fileRef = 20CA9C4F2C1C66A20005709A /* TextObjectDTO.swift */; };
		20CA9C672C1C86080005709A /* LibraryPresenter.swift in Sources */ = {isa = PBXBuildFile; fileRef = 20CA9C662C1C84310005709A /* LibraryPresenter.swift */; };
		20CA9C6C2C1C860F0005709A /* LibraryViewModel.swift in Sources */ = {isa = PBXBuildFile; fileRef = 20CA9C622C1C7E0A0005709A /* LibraryViewModel.swift */; };
		20CA9C6D2C1C860F0005709A /* LibraryViewController.swift in Sources */ = {isa = PBXBuildFile; fileRef = 20CA9C652C1C7F280005709A /* LibraryViewController.swift */; };
		20CA9C6E2C1C860F0005709A /* LibraryView.swift in Sources */ = {isa = PBXBuildFile; fileRef = 20CA9C642C1C7F280005709A /* LibraryView.swift */; };
		20CA9C702C1C86130005709A /* LibraryCharacterCollectionViewCell.swift in Sources */ = {isa = PBXBuildFile; fileRef = 20CA9C602C1C7CF20005709A /* LibraryCharacterCollectionViewCell.swift */; };
		20CA9C712C1C86130005709A /* LibraryContentCollectionViewCell.swift in Sources */ = {isa = PBXBuildFile; fileRef = 20CA9C5F2C1C7CF20005709A /* LibraryContentCollectionViewCell.swift */; };
		20CA9C722C1C86150005709A /* LibraryCollectionViewSectionHeaderView.swift in Sources */ = {isa = PBXBuildFile; fileRef = 20CA9C5D2C1C7CAE0005709A /* LibraryCollectionViewSectionHeaderView.swift */; };
		20CA9C732C1C86180005709A /* LibraryViewProtocol.swift in Sources */ = {isa = PBXBuildFile; fileRef = 20CA9C5C2C1C7C6D0005709A /* LibraryViewProtocol.swift */; };
		20CA9C742C1C861B0005709A /* LibraryCollectionViewDataSource.swift in Sources */ = {isa = PBXBuildFile; fileRef = 20CA9C5B2C1C7A480005709A /* LibraryCollectionViewDataSource.swift */; };
		20CA9C752C1C861F0005709A /* LibraryRouter.swift in Sources */ = {isa = PBXBuildFile; fileRef = 20CA9C5A2C1C7A1B0005709A /* LibraryRouter.swift */; };
		20CA9C762C1C86210005709A /* LibraryAssembly.swift in Sources */ = {isa = PBXBuildFile; fileRef = 20CA9C592C1C79D70005709A /* LibraryAssembly.swift */; };
		20CA9C782C1C8AB60005709A /* CoreDataService.swift in Sources */ = {isa = PBXBuildFile; fileRef = 20CA9C772C1C8AB60005709A /* CoreDataService.swift */; };
		20CA9C7B2C1C8AE60005709A /* CoreDataServiceProtocol.swift in Sources */ = {isa = PBXBuildFile; fileRef = 20CA9C7A2C1C8AE60005709A /* CoreDataServiceProtocol.swift */; };
		20CA9C7D2C1C8B2C0005709A /* SearchDataManagerProtocol.swift in Sources */ = {isa = PBXBuildFile; fileRef = 20CA9C7C2C1C8B2C0005709A /* SearchDataManagerProtocol.swift */; };
		20D492F02C1DD6EC00DF3EDE /* ComicCDO+CoreDataClass.swift in Sources */ = {isa = PBXBuildFile; fileRef = 20D492EC2C1DD6EC00DF3EDE /* ComicCDO+CoreDataClass.swift */; };
		20D492F12C1DD6EC00DF3EDE /* ComicCDO+CoreDataProperties.swift in Sources */ = {isa = PBXBuildFile; fileRef = 20D492ED2C1DD6EC00DF3EDE /* ComicCDO+CoreDataProperties.swift */; };
		20D492F32C1DDB9F00DF3EDE /* AdditionalContent.swift in Sources */ = {isa = PBXBuildFile; fileRef = 20D492F22C1DDB9F00DF3EDE /* AdditionalContent.swift */; };
		20D492FE2C1DEE2600DF3EDE /* EventCDO+CoreDataClass.swift in Sources */ = {isa = PBXBuildFile; fileRef = 20D492F42C1DEE2600DF3EDE /* EventCDO+CoreDataClass.swift */; };
		20D492FF2C1DEE2600DF3EDE /* EventCDO+CoreDataProperties.swift in Sources */ = {isa = PBXBuildFile; fileRef = 20D492F52C1DEE2600DF3EDE /* EventCDO+CoreDataProperties.swift */; };
		20D493002C1DEE2600DF3EDE /* SeriesCDO+CoreDataClass.swift in Sources */ = {isa = PBXBuildFile; fileRef = 20D492F62C1DEE2600DF3EDE /* SeriesCDO+CoreDataClass.swift */; };
		20D493012C1DEE2600DF3EDE /* SeriesCDO+CoreDataProperties.swift in Sources */ = {isa = PBXBuildFile; fileRef = 20D492F72C1DEE2600DF3EDE /* SeriesCDO+CoreDataProperties.swift */; };
		20D493022C1DEE2600DF3EDE /* CreatorCDO+CoreDataClass.swift in Sources */ = {isa = PBXBuildFile; fileRef = 20D492F82C1DEE2600DF3EDE /* CreatorCDO+CoreDataClass.swift */; };
		20D493032C1DEE2600DF3EDE /* CreatorCDO+CoreDataProperties.swift in Sources */ = {isa = PBXBuildFile; fileRef = 20D492F92C1DEE2600DF3EDE /* CreatorCDO+CoreDataProperties.swift */; };
		20D493042C1DEE2600DF3EDE /* CharacterCDO+CoreDataClass.swift in Sources */ = {isa = PBXBuildFile; fileRef = 20D492FA2C1DEE2600DF3EDE /* CharacterCDO+CoreDataClass.swift */; };
		20D493052C1DEE2600DF3EDE /* CharacterCDO+CoreDataProperties.swift in Sources */ = {isa = PBXBuildFile; fileRef = 20D492FB2C1DEE2600DF3EDE /* CharacterCDO+CoreDataProperties.swift */; };
		20D493072C1DEE2600DF3EDE /* AdditionalContentCDO+CoreDataProperties.swift in Sources */ = {isa = PBXBuildFile; fileRef = 20D492FD2C1DEE2600DF3EDE /* AdditionalContentCDO+CoreDataProperties.swift */; };
		20D4930A2C1DEFEA00DF3EDE /* DescriptableProtocolCDO.swift in Sources */ = {isa = PBXBuildFile; fileRef = 20D493092C1DEFEA00DF3EDE /* DescriptableProtocolCDO.swift */; };
		20FA22BF2C1996CE00851850 /* SearchViewController.swift in Sources */ = {isa = PBXBuildFile; fileRef = 20FA22BE2C1996CE00851850 /* SearchViewController.swift */; };
		20FA22C12C19989D00851850 /* SearchView.swift in Sources */ = {isa = PBXBuildFile; fileRef = 20FA22C02C19989D00851850 /* SearchView.swift */; };
		20FA22C52C199C1400851850 /* SearchTableViewCell.swift in Sources */ = {isa = PBXBuildFile; fileRef = 20FA22C42C199C1400851850 /* SearchTableViewCell.swift */; };
		20FA22C82C199C8B00851850 /* SearchPresenter.swift in Sources */ = {isa = PBXBuildFile; fileRef = 20FA22C72C199C8B00851850 /* SearchPresenter.swift */; };
		20FA22CB2C199E2000851850 /* SearchViewProtocol.swift in Sources */ = {isa = PBXBuildFile; fileRef = 20FA22CA2C199E2000851850 /* SearchViewProtocol.swift */; };
		20FA22CE2C199ECD00851850 /* SearchRouter.swift in Sources */ = {isa = PBXBuildFile; fileRef = 20FA22CD2C199ECD00851850 /* SearchRouter.swift */; };
		20FA22D12C19A01E00851850 /* SearchTableViewDataSource.swift in Sources */ = {isa = PBXBuildFile; fileRef = 20FA22D02C19A01E00851850 /* SearchTableViewDataSource.swift */; };
		20FA22D32C19A35000851850 /* SearchAssembly.swift in Sources */ = {isa = PBXBuildFile; fileRef = 20FA22D22C19A35000851850 /* SearchAssembly.swift */; };
		20FA22D62C19A8D900851850 /* SearchContentViewModel.swift in Sources */ = {isa = PBXBuildFile; fileRef = 20FA22D52C19A8D900851850 /* SearchContentViewModel.swift */; };
		20FA22D92C19AAA300851850 /* SearchDataManager.swift in Sources */ = {isa = PBXBuildFile; fileRef = 20FA22D82C19AAA300851850 /* SearchDataManager.swift */; };
		20FA22DB2C19AD1900851850 /* SearchContentDTO.swift in Sources */ = {isa = PBXBuildFile; fileRef = 20FA22DA2C19AD1900851850 /* SearchContentDTO.swift */; };
		20FA22DD2C19ADCE00851850 /* SearchContentData.json in Resources */ = {isa = PBXBuildFile; fileRef = 20FA22DC2C19ADCE00851850 /* SearchContentData.json */; };
		20FA22DF2C19B98300851850 /* SearchResultTableViewController.swift in Sources */ = {isa = PBXBuildFile; fileRef = 20FA22DE2C19B98300851850 /* SearchResultTableViewController.swift */; };
		20FA22E12C19BA4500851850 /* SearchResultTableViewCell.swift in Sources */ = {isa = PBXBuildFile; fileRef = 20FA22E02C19BA4500851850 /* SearchResultTableViewCell.swift */; };
		20FA22E32C19CF3B00851850 /* SearchResultViewProtocol.swift in Sources */ = {isa = PBXBuildFile; fileRef = 20FA22E22C19CF3B00851850 /* SearchResultViewProtocol.swift */; };
		20FA22E52C19D3D100851850 /* SearchResultContentViewModel.swift in Sources */ = {isa = PBXBuildFile; fileRef = 20FA22E42C19D3D100851850 /* SearchResultContentViewModel.swift */; };
		20FA22EE2C19E4F000851850 /* ContentListViewController.swift in Sources */ = {isa = PBXBuildFile; fileRef = 20FA22ED2C19E4F000851850 /* ContentListViewController.swift */; };
		20FA22F02C19E4FC00851850 /* ContentListView.swift in Sources */ = {isa = PBXBuildFile; fileRef = 20FA22EF2C19E4FC00851850 /* ContentListView.swift */; };
		20FA22F22C19E50C00851850 /* ContentListPresenter.swift in Sources */ = {isa = PBXBuildFile; fileRef = 20FA22F12C19E50C00851850 /* ContentListPresenter.swift */; };
		20FA22F52C19E52A00851850 /* ContentListRouter.swift in Sources */ = {isa = PBXBuildFile; fileRef = 20FA22F42C19E52A00851850 /* ContentListRouter.swift */; };
		20FA22F72C19E59500851850 /* ContentListCollectionViewCell.swift in Sources */ = {isa = PBXBuildFile; fileRef = 20FA22F62C19E59500851850 /* ContentListCollectionViewCell.swift */; };
		20FA22F92C19EA9E00851850 /* ContentListCollectionViewDataSource.swift in Sources */ = {isa = PBXBuildFile; fileRef = 20FA22F82C19EA9E00851850 /* ContentListCollectionViewDataSource.swift */; };
		20FA22FC2C19EB7700851850 /* ContentListViewModel.swift in Sources */ = {isa = PBXBuildFile; fileRef = 20FA22FB2C19EB7700851850 /* ContentListViewModel.swift */; };
		20FA22FE2C19EE0E00851850 /* ContentListViewProtocol.swift in Sources */ = {isa = PBXBuildFile; fileRef = 20FA22FD2C19EE0E00851850 /* ContentListViewProtocol.swift */; };
		20FA23002C19F16B00851850 /* ContentListAssembly.swift in Sources */ = {isa = PBXBuildFile; fileRef = 20FA22FF2C19F16B00851850 /* ContentListAssembly.swift */; };
/* End PBXBuildFile section */

/* Begin PBXFileReference section */
		201768322C14D79D00F762E1 /* MarvelApp.app */ = {isa = PBXFileReference; explicitFileType = wrapper.application; includeInIndex = 0; path = MarvelApp.app; sourceTree = BUILT_PRODUCTS_DIR; };
		201768352C14D79D00F762E1 /* AppDelegate.swift */ = {isa = PBXFileReference; lastKnownFileType = sourcecode.swift; path = AppDelegate.swift; sourceTree = "<group>"; };
		201768372C14D79D00F762E1 /* SceneDelegate.swift */ = {isa = PBXFileReference; lastKnownFileType = sourcecode.swift; path = SceneDelegate.swift; sourceTree = "<group>"; };
		201768392C14D79D00F762E1 /* HomeViewController.swift */ = {isa = PBXFileReference; lastKnownFileType = sourcecode.swift; path = HomeViewController.swift; sourceTree = "<group>"; };
		2017683F2C14D79D00F762E1 /* MarvelApp.xcdatamodel */ = {isa = PBXFileReference; lastKnownFileType = wrapper.xcdatamodel; path = MarvelApp.xcdatamodel; sourceTree = "<group>"; };
		201768412C14D79F00F762E1 /* Assets.xcassets */ = {isa = PBXFileReference; lastKnownFileType = folder.assetcatalog; path = Assets.xcassets; sourceTree = "<group>"; };
		201768442C14D79F00F762E1 /* Base */ = {isa = PBXFileReference; lastKnownFileType = file.storyboard; name = Base; path = Base.lproj/LaunchScreen.storyboard; sourceTree = "<group>"; };
		201768462C14D79F00F762E1 /* Info.plist */ = {isa = PBXFileReference; lastKnownFileType = text.plist.xml; path = Info.plist; sourceTree = "<group>"; };
		204809862C16014D0003F115 /* HomeView.swift */ = {isa = PBXFileReference; lastKnownFileType = sourcecode.swift; path = HomeView.swift; sourceTree = "<group>"; };
		204809892C1603E60003F115 /* HomeCoverCollectionViewCell.swift */ = {isa = PBXFileReference; lastKnownFileType = sourcecode.swift; path = HomeCoverCollectionViewCell.swift; sourceTree = "<group>"; };
		2048098B2C1604AB0003F115 /* HomeComicCollectionViewCell.swift */ = {isa = PBXFileReference; lastKnownFileType = sourcecode.swift; path = HomeComicCollectionViewCell.swift; sourceTree = "<group>"; };
		2048098D2C1604FE0003F115 /* HomeCharacterCollectionViewCell.swift */ = {isa = PBXFileReference; lastKnownFileType = sourcecode.swift; path = HomeCharacterCollectionViewCell.swift; sourceTree = "<group>"; };
		204809902C1606400003F115 /* HomeCollectionViewDataSource.swift */ = {isa = PBXFileReference; lastKnownFileType = sourcecode.swift; path = HomeCollectionViewDataSource.swift; sourceTree = "<group>"; };
		204809922C1608280003F115 /* HomePresenter.swift */ = {isa = PBXFileReference; lastKnownFileType = sourcecode.swift; path = HomePresenter.swift; sourceTree = "<group>"; };
		204809942C160A0F0003F115 /* HomeViewProtocol.swift */ = {isa = PBXFileReference; lastKnownFileType = sourcecode.swift; path = HomeViewProtocol.swift; sourceTree = "<group>"; };
		204809972C160ADE0003F115 /* AppColor.swift */ = {isa = PBXFileReference; lastKnownFileType = sourcecode.swift; path = AppColor.swift; sourceTree = "<group>"; };
		2048099A2C160E0D0003F115 /* HomeRouter.swift */ = {isa = PBXFileReference; lastKnownFileType = sourcecode.swift; path = HomeRouter.swift; sourceTree = "<group>"; };
		2048099D2C160FE00003F115 /* APIConstant.swift */ = {isa = PBXFileReference; lastKnownFileType = sourcecode.swift; path = APIConstant.swift; sourceTree = "<group>"; };
		2048099F2C1610D90003F115 /* Endpoint.swift */ = {isa = PBXFileReference; lastKnownFileType = sourcecode.swift; path = Endpoint.swift; sourceTree = "<group>"; };
		204809A12C16111C0003F115 /* NetworkServiceProtocol.swift */ = {isa = PBXFileReference; lastKnownFileType = sourcecode.swift; path = NetworkServiceProtocol.swift; sourceTree = "<group>"; };
		204809A32C16112F0003F115 /* NetworkService.swift */ = {isa = PBXFileReference; lastKnownFileType = sourcecode.swift; path = NetworkService.swift; sourceTree = "<group>"; };
		204809A62C1629040003F115 /* FetchError.swift */ = {isa = PBXFileReference; lastKnownFileType = sourcecode.swift; path = FetchError.swift; sourceTree = "<group>"; };
		204809A82C1635520003F115 /* BaseResponseDTO.swift */ = {isa = PBXFileReference; lastKnownFileType = sourcecode.swift; path = BaseResponseDTO.swift; sourceTree = "<group>"; };
		204809AA2C1637840003F115 /* CharacterDTO.swift */ = {isa = PBXFileReference; lastKnownFileType = sourcecode.swift; path = CharacterDTO.swift; sourceTree = "<group>"; };
		204809AD2C163E290003F115 /* ComicDTO.swift */ = {isa = PBXFileReference; lastKnownFileType = sourcecode.swift; path = ComicDTO.swift; sourceTree = "<group>"; };
		204809AF2C163E800003F115 /* DataClassDTO.swift */ = {isa = PBXFileReference; lastKnownFileType = sourcecode.swift; path = DataClassDTO.swift; sourceTree = "<group>"; };
		204809B12C1643B50003F115 /* ThumbnailDTO.swift */ = {isa = PBXFileReference; lastKnownFileType = sourcecode.swift; path = ThumbnailDTO.swift; sourceTree = "<group>"; };
		204A9A272C1893D3002500BA /* AppFont.swift */ = {isa = PBXFileReference; lastKnownFileType = sourcecode.swift; path = AppFont.swift; sourceTree = "<group>"; };
		204A9A2C2C18CCA8002500BA /* HomeCollectionViewSectionHeaderView.swift */ = {isa = PBXFileReference; lastKnownFileType = sourcecode.swift; path = HomeCollectionViewSectionHeaderView.swift; sourceTree = "<group>"; };
		204A9A2F2C18D23A002500BA /* UIColor+Extension.swift */ = {isa = PBXFileReference; lastKnownFileType = sourcecode.swift; path = "UIColor+Extension.swift"; sourceTree = "<group>"; };
		204A9A322C18E172002500BA /* TabBarController.swift */ = {isa = PBXFileReference; lastKnownFileType = sourcecode.swift; path = TabBarController.swift; sourceTree = "<group>"; };
		205D1ADE2C2437AD009AD2E8 /* String+Extension.swift */ = {isa = PBXFileReference; lastKnownFileType = sourcecode.swift; path = "String+Extension.swift"; sourceTree = "<group>"; };
		205D1AE02C246AFB009AD2E8 /* AdditionalContentCDO+CoreDataClass.swift */ = {isa = PBXFileReference; lastKnownFileType = sourcecode.swift; path = "AdditionalContentCDO+CoreDataClass.swift"; sourceTree = "<group>"; };
		206E0B5A2C2174FE00B30BB4 /* AlertControllerFabric.swift */ = {isa = PBXFileReference; lastKnownFileType = sourcecode.swift; path = AlertControllerFabric.swift; sourceTree = "<group>"; };
		206E0B5C2C21763100B30BB4 /* AppConstant.swift */ = {isa = PBXFileReference; lastKnownFileType = sourcecode.swift; path = AppConstant.swift; sourceTree = "<group>"; };
		2084EC782C170E6900F6B8C6 /* SeriesDTO.swift */ = {isa = PBXFileReference; lastKnownFileType = sourcecode.swift; path = SeriesDTO.swift; sourceTree = "<group>"; };
		2084EC7A2C17102700F6B8C6 /* CreatorDTO.swift */ = {isa = PBXFileReference; lastKnownFileType = sourcecode.swift; path = CreatorDTO.swift; sourceTree = "<group>"; };
		2084EC7C2C17113000F6B8C6 /* EventDTO.swift */ = {isa = PBXFileReference; lastKnownFileType = sourcecode.swift; path = EventDTO.swift; sourceTree = "<group>"; };
		2084EC812C171CA000F6B8C6 /* Comic.swift */ = {isa = PBXFileReference; lastKnownFileType = sourcecode.swift; path = Comic.swift; sourceTree = "<group>"; };
		2084EC832C171CBC00F6B8C6 /* Creator.swift */ = {isa = PBXFileReference; lastKnownFileType = sourcecode.swift; path = Creator.swift; sourceTree = "<group>"; };
		2084EC842C171CBC00F6B8C6 /* Character.swift */ = {isa = PBXFileReference; lastKnownFileType = sourcecode.swift; path = Character.swift; sourceTree = "<group>"; };
		2084EC852C171CBC00F6B8C6 /* Event.swift */ = {isa = PBXFileReference; lastKnownFileType = sourcecode.swift; path = Event.swift; sourceTree = "<group>"; };
		2084EC862C171CBC00F6B8C6 /* Series.swift */ = {isa = PBXFileReference; lastKnownFileType = sourcecode.swift; path = Series.swift; sourceTree = "<group>"; };
		2084EC8D2C1736D000F6B8C6 /* HomeAssembly.swift */ = {isa = PBXFileReference; lastKnownFileType = sourcecode.swift; path = HomeAssembly.swift; sourceTree = "<group>"; };
		2084EC8F2C17902100F6B8C6 /* HomeViewModel.swift */ = {isa = PBXFileReference; lastKnownFileType = sourcecode.swift; path = HomeViewModel.swift; sourceTree = "<group>"; };
		20B456142C1B36AB005AD068 /* ContentDetailAssembly.swift */ = {isa = PBXFileReference; lastKnownFileType = sourcecode.swift; path = ContentDetailAssembly.swift; sourceTree = "<group>"; };
		20B456162C1B3725005AD068 /* ContentDetailRouter.swift */ = {isa = PBXFileReference; lastKnownFileType = sourcecode.swift; path = ContentDetailRouter.swift; sourceTree = "<group>"; };
		20B456182C1B3798005AD068 /* ContentDetailCollectionViewDataSource.swift */ = {isa = PBXFileReference; lastKnownFileType = sourcecode.swift; path = ContentDetailCollectionViewDataSource.swift; sourceTree = "<group>"; };
		20B4561E2C1B3937005AD068 /* ContentDetailViewModel.swift */ = {isa = PBXFileReference; lastKnownFileType = sourcecode.swift; path = ContentDetailViewModel.swift; sourceTree = "<group>"; };
		20B456212C1B39E3005AD068 /* ContentDetailCollectionViewSectionHeaderView.swift */ = {isa = PBXFileReference; lastKnownFileType = sourcecode.swift; path = ContentDetailCollectionViewSectionHeaderView.swift; sourceTree = "<group>"; };
		20B456222C1B3A33005AD068 /* ContentDetailDescriptionCollectionViewCell.swift */ = {isa = PBXFileReference; lastKnownFileType = sourcecode.swift; path = ContentDetailDescriptionCollectionViewCell.swift; sourceTree = "<group>"; };
		20B456232C1B3A34005AD068 /* ContentDetailContentCollectionViewCell.swift */ = {isa = PBXFileReference; lastKnownFileType = sourcecode.swift; path = ContentDetailContentCollectionViewCell.swift; sourceTree = "<group>"; };
		20B456242C1B3B22005AD068 /* ContentDetailViewProtocol.swift */ = {isa = PBXFileReference; lastKnownFileType = sourcecode.swift; path = ContentDetailViewProtocol.swift; sourceTree = "<group>"; };
		20B456252C1B3B58005AD068 /* ContentDetailViewController.swift */ = {isa = PBXFileReference; lastKnownFileType = sourcecode.swift; path = ContentDetailViewController.swift; sourceTree = "<group>"; };
		20B456262C1B3B58005AD068 /* ContentDetailView.swift */ = {isa = PBXFileReference; lastKnownFileType = sourcecode.swift; path = ContentDetailView.swift; sourceTree = "<group>"; };
		20B456282C1B3CAF005AD068 /* ContentDetailPresenter.swift */ = {isa = PBXFileReference; lastKnownFileType = sourcecode.swift; path = ContentDetailPresenter.swift; sourceTree = "<group>"; };
		20B456362C1B4195005AD068 /* ContentType.swift */ = {isa = PBXFileReference; lastKnownFileType = sourcecode.swift; path = ContentType.swift; sourceTree = "<group>"; };
		20CA9C4A2C1C34A30005709A /* DescriptableProtocol.swift */ = {isa = PBXFileReference; lastKnownFileType = sourcecode.swift; path = DescriptableProtocol.swift; sourceTree = "<group>"; };
		20CA9C4F2C1C66A20005709A /* TextObjectDTO.swift */ = {isa = PBXFileReference; lastKnownFileType = sourcecode.swift; path = TextObjectDTO.swift; sourceTree = "<group>"; };
		20CA9C592C1C79D70005709A /* LibraryAssembly.swift */ = {isa = PBXFileReference; lastKnownFileType = sourcecode.swift; path = LibraryAssembly.swift; sourceTree = "<group>"; };
		20CA9C5A2C1C7A1B0005709A /* LibraryRouter.swift */ = {isa = PBXFileReference; lastKnownFileType = sourcecode.swift; path = LibraryRouter.swift; sourceTree = "<group>"; };
		20CA9C5B2C1C7A480005709A /* LibraryCollectionViewDataSource.swift */ = {isa = PBXFileReference; lastKnownFileType = sourcecode.swift; path = LibraryCollectionViewDataSource.swift; sourceTree = "<group>"; };
		20CA9C5C2C1C7C6D0005709A /* LibraryViewProtocol.swift */ = {isa = PBXFileReference; lastKnownFileType = sourcecode.swift; path = LibraryViewProtocol.swift; sourceTree = "<group>"; };
		20CA9C5D2C1C7CAE0005709A /* LibraryCollectionViewSectionHeaderView.swift */ = {isa = PBXFileReference; lastKnownFileType = sourcecode.swift; path = LibraryCollectionViewSectionHeaderView.swift; sourceTree = "<group>"; };
		20CA9C5F2C1C7CF20005709A /* LibraryContentCollectionViewCell.swift */ = {isa = PBXFileReference; lastKnownFileType = sourcecode.swift; path = LibraryContentCollectionViewCell.swift; sourceTree = "<group>"; };
		20CA9C602C1C7CF20005709A /* LibraryCharacterCollectionViewCell.swift */ = {isa = PBXFileReference; lastKnownFileType = sourcecode.swift; path = LibraryCharacterCollectionViewCell.swift; sourceTree = "<group>"; };
		20CA9C622C1C7E0A0005709A /* LibraryViewModel.swift */ = {isa = PBXFileReference; lastKnownFileType = sourcecode.swift; path = LibraryViewModel.swift; sourceTree = "<group>"; };
		20CA9C642C1C7F280005709A /* LibraryView.swift */ = {isa = PBXFileReference; lastKnownFileType = sourcecode.swift; path = LibraryView.swift; sourceTree = "<group>"; };
		20CA9C652C1C7F280005709A /* LibraryViewController.swift */ = {isa = PBXFileReference; lastKnownFileType = sourcecode.swift; path = LibraryViewController.swift; sourceTree = "<group>"; };
		20CA9C662C1C84310005709A /* LibraryPresenter.swift */ = {isa = PBXFileReference; lastKnownFileType = sourcecode.swift; path = LibraryPresenter.swift; sourceTree = "<group>"; };
		20CA9C772C1C8AB60005709A /* CoreDataService.swift */ = {isa = PBXFileReference; lastKnownFileType = sourcecode.swift; path = CoreDataService.swift; sourceTree = "<group>"; };
		20CA9C7A2C1C8AE60005709A /* CoreDataServiceProtocol.swift */ = {isa = PBXFileReference; lastKnownFileType = sourcecode.swift; path = CoreDataServiceProtocol.swift; sourceTree = "<group>"; };
		20CA9C7C2C1C8B2C0005709A /* SearchDataManagerProtocol.swift */ = {isa = PBXFileReference; lastKnownFileType = sourcecode.swift; path = SearchDataManagerProtocol.swift; sourceTree = "<group>"; };
		20D492EC2C1DD6EC00DF3EDE /* ComicCDO+CoreDataClass.swift */ = {isa = PBXFileReference; lastKnownFileType = sourcecode.swift; name = "ComicCDO+CoreDataClass.swift"; path = "MarvelApp/CoreData/Comic/ComicCDO+CoreDataClass.swift"; sourceTree = SOURCE_ROOT; };
		20D492ED2C1DD6EC00DF3EDE /* ComicCDO+CoreDataProperties.swift */ = {isa = PBXFileReference; lastKnownFileType = sourcecode.swift; name = "ComicCDO+CoreDataProperties.swift"; path = "MarvelApp/CoreData/Comic/ComicCDO+CoreDataProperties.swift"; sourceTree = SOURCE_ROOT; };
		20D492F22C1DDB9F00DF3EDE /* AdditionalContent.swift */ = {isa = PBXFileReference; lastKnownFileType = sourcecode.swift; path = AdditionalContent.swift; sourceTree = "<group>"; };
		20D492F42C1DEE2600DF3EDE /* EventCDO+CoreDataClass.swift */ = {isa = PBXFileReference; lastKnownFileType = sourcecode.swift; name = "EventCDO+CoreDataClass.swift"; path = "MarvelApp/CoreData/Event/EventCDO+CoreDataClass.swift"; sourceTree = SOURCE_ROOT; };
		20D492F52C1DEE2600DF3EDE /* EventCDO+CoreDataProperties.swift */ = {isa = PBXFileReference; lastKnownFileType = sourcecode.swift; name = "EventCDO+CoreDataProperties.swift"; path = "MarvelApp/CoreData/Event/EventCDO+CoreDataProperties.swift"; sourceTree = SOURCE_ROOT; };
		20D492F62C1DEE2600DF3EDE /* SeriesCDO+CoreDataClass.swift */ = {isa = PBXFileReference; lastKnownFileType = sourcecode.swift; name = "SeriesCDO+CoreDataClass.swift"; path = "MarvelApp/CoreData/Series/SeriesCDO+CoreDataClass.swift"; sourceTree = SOURCE_ROOT; };
		20D492F72C1DEE2600DF3EDE /* SeriesCDO+CoreDataProperties.swift */ = {isa = PBXFileReference; lastKnownFileType = sourcecode.swift; name = "SeriesCDO+CoreDataProperties.swift"; path = "MarvelApp/CoreData/Series/SeriesCDO+CoreDataProperties.swift"; sourceTree = SOURCE_ROOT; };
		20D492F82C1DEE2600DF3EDE /* CreatorCDO+CoreDataClass.swift */ = {isa = PBXFileReference; lastKnownFileType = sourcecode.swift; name = "CreatorCDO+CoreDataClass.swift"; path = "MarvelApp/CoreData/Creator/CreatorCDO+CoreDataClass.swift"; sourceTree = SOURCE_ROOT; };
		20D492F92C1DEE2600DF3EDE /* CreatorCDO+CoreDataProperties.swift */ = {isa = PBXFileReference; lastKnownFileType = sourcecode.swift; name = "CreatorCDO+CoreDataProperties.swift"; path = "MarvelApp/CoreData/Creator/CreatorCDO+CoreDataProperties.swift"; sourceTree = SOURCE_ROOT; };
		20D492FA2C1DEE2600DF3EDE /* CharacterCDO+CoreDataClass.swift */ = {isa = PBXFileReference; lastKnownFileType = sourcecode.swift; name = "CharacterCDO+CoreDataClass.swift"; path = "MarvelApp/CoreData/Character/CharacterCDO+CoreDataClass.swift"; sourceTree = SOURCE_ROOT; };
		20D492FB2C1DEE2600DF3EDE /* CharacterCDO+CoreDataProperties.swift */ = {isa = PBXFileReference; lastKnownFileType = sourcecode.swift; name = "CharacterCDO+CoreDataProperties.swift"; path = "MarvelApp/CoreData/Character/CharacterCDO+CoreDataProperties.swift"; sourceTree = SOURCE_ROOT; };
		20D492FD2C1DEE2600DF3EDE /* AdditionalContentCDO+CoreDataProperties.swift */ = {isa = PBXFileReference; lastKnownFileType = sourcecode.swift; name = "AdditionalContentCDO+CoreDataProperties.swift"; path = "MarvelApp/CoreData/AdditionalContent/AdditionalContentCDO+CoreDataProperties.swift"; sourceTree = SOURCE_ROOT; };
		20D493092C1DEFEA00DF3EDE /* DescriptableProtocolCDO.swift */ = {isa = PBXFileReference; lastKnownFileType = sourcecode.swift; path = DescriptableProtocolCDO.swift; sourceTree = "<group>"; };
		20FA22BE2C1996CE00851850 /* SearchViewController.swift */ = {isa = PBXFileReference; lastKnownFileType = sourcecode.swift; path = SearchViewController.swift; sourceTree = "<group>"; };
		20FA22C02C19989D00851850 /* SearchView.swift */ = {isa = PBXFileReference; lastKnownFileType = sourcecode.swift; path = SearchView.swift; sourceTree = "<group>"; };
		20FA22C42C199C1400851850 /* SearchTableViewCell.swift */ = {isa = PBXFileReference; lastKnownFileType = sourcecode.swift; path = SearchTableViewCell.swift; sourceTree = "<group>"; };
		20FA22C72C199C8B00851850 /* SearchPresenter.swift */ = {isa = PBXFileReference; lastKnownFileType = sourcecode.swift; path = SearchPresenter.swift; sourceTree = "<group>"; };
		20FA22CA2C199E2000851850 /* SearchViewProtocol.swift */ = {isa = PBXFileReference; lastKnownFileType = sourcecode.swift; path = SearchViewProtocol.swift; sourceTree = "<group>"; };
		20FA22CD2C199ECD00851850 /* SearchRouter.swift */ = {isa = PBXFileReference; lastKnownFileType = sourcecode.swift; path = SearchRouter.swift; sourceTree = "<group>"; };
		20FA22D02C19A01E00851850 /* SearchTableViewDataSource.swift */ = {isa = PBXFileReference; lastKnownFileType = sourcecode.swift; path = SearchTableViewDataSource.swift; sourceTree = "<group>"; };
		20FA22D22C19A35000851850 /* SearchAssembly.swift */ = {isa = PBXFileReference; lastKnownFileType = sourcecode.swift; path = SearchAssembly.swift; sourceTree = "<group>"; };
		20FA22D52C19A8D900851850 /* SearchContentViewModel.swift */ = {isa = PBXFileReference; lastKnownFileType = sourcecode.swift; path = SearchContentViewModel.swift; sourceTree = "<group>"; };
		20FA22D82C19AAA300851850 /* SearchDataManager.swift */ = {isa = PBXFileReference; lastKnownFileType = sourcecode.swift; path = SearchDataManager.swift; sourceTree = "<group>"; };
		20FA22DA2C19AD1900851850 /* SearchContentDTO.swift */ = {isa = PBXFileReference; lastKnownFileType = sourcecode.swift; path = SearchContentDTO.swift; sourceTree = "<group>"; };
		20FA22DC2C19ADCE00851850 /* SearchContentData.json */ = {isa = PBXFileReference; lastKnownFileType = text.json; path = SearchContentData.json; sourceTree = "<group>"; };
		20FA22DE2C19B98300851850 /* SearchResultTableViewController.swift */ = {isa = PBXFileReference; lastKnownFileType = sourcecode.swift; path = SearchResultTableViewController.swift; sourceTree = "<group>"; };
		20FA22E02C19BA4500851850 /* SearchResultTableViewCell.swift */ = {isa = PBXFileReference; lastKnownFileType = sourcecode.swift; path = SearchResultTableViewCell.swift; sourceTree = "<group>"; };
		20FA22E22C19CF3B00851850 /* SearchResultViewProtocol.swift */ = {isa = PBXFileReference; lastKnownFileType = sourcecode.swift; path = SearchResultViewProtocol.swift; sourceTree = "<group>"; };
		20FA22E42C19D3D100851850 /* SearchResultContentViewModel.swift */ = {isa = PBXFileReference; lastKnownFileType = sourcecode.swift; path = SearchResultContentViewModel.swift; sourceTree = "<group>"; };
		20FA22ED2C19E4F000851850 /* ContentListViewController.swift */ = {isa = PBXFileReference; lastKnownFileType = sourcecode.swift; path = ContentListViewController.swift; sourceTree = "<group>"; };
		20FA22EF2C19E4FC00851850 /* ContentListView.swift */ = {isa = PBXFileReference; lastKnownFileType = sourcecode.swift; path = ContentListView.swift; sourceTree = "<group>"; };
		20FA22F12C19E50C00851850 /* ContentListPresenter.swift */ = {isa = PBXFileReference; lastKnownFileType = sourcecode.swift; path = ContentListPresenter.swift; sourceTree = "<group>"; };
		20FA22F42C19E52A00851850 /* ContentListRouter.swift */ = {isa = PBXFileReference; lastKnownFileType = sourcecode.swift; path = ContentListRouter.swift; sourceTree = "<group>"; };
		20FA22F62C19E59500851850 /* ContentListCollectionViewCell.swift */ = {isa = PBXFileReference; lastKnownFileType = sourcecode.swift; path = ContentListCollectionViewCell.swift; sourceTree = "<group>"; };
		20FA22F82C19EA9E00851850 /* ContentListCollectionViewDataSource.swift */ = {isa = PBXFileReference; lastKnownFileType = sourcecode.swift; path = ContentListCollectionViewDataSource.swift; sourceTree = "<group>"; };
		20FA22FB2C19EB7700851850 /* ContentListViewModel.swift */ = {isa = PBXFileReference; lastKnownFileType = sourcecode.swift; path = ContentListViewModel.swift; sourceTree = "<group>"; };
		20FA22FD2C19EE0E00851850 /* ContentListViewProtocol.swift */ = {isa = PBXFileReference; lastKnownFileType = sourcecode.swift; path = ContentListViewProtocol.swift; sourceTree = "<group>"; };
		20FA22FF2C19F16B00851850 /* ContentListAssembly.swift */ = {isa = PBXFileReference; lastKnownFileType = sourcecode.swift; path = ContentListAssembly.swift; sourceTree = "<group>"; };
/* End PBXFileReference section */

/* Begin PBXFrameworksBuildPhase section */
		2017682F2C14D79D00F762E1 /* Frameworks */ = {
			isa = PBXFrameworksBuildPhase;
			buildActionMask = 2147483647;
			files = (
			);
			runOnlyForDeploymentPostprocessing = 0;
		};
/* End PBXFrameworksBuildPhase section */

/* Begin PBXGroup section */
		200245E92C1B366800CD34B5 /* ContentDetailScreen */ = {
			isa = PBXGroup;
			children = (
				20B456142C1B36AB005AD068 /* ContentDetailAssembly.swift */,
				20B456152C1B370A005AD068 /* Navigation */,
				20B456172C1B3798005AD068 /* DataSource */,
				20B456192C1B38F1005AD068 /* Views */,
				20B456272C1B3CA1005AD068 /* Presenter */,
			);
			path = ContentDetailScreen;
			sourceTree = "<group>";
		};
		200383C02C1AF498009C03AB /* DetailScreens */ = {
			isa = PBXGroup;
			children = (
				200245E92C1B366800CD34B5 /* ContentDetailScreen */,
			);
			path = DetailScreens;
			sourceTree = "<group>";
		};
		201768292C14D79D00F762E1 = {
			isa = PBXGroup;
			children = (
				201768342C14D79D00F762E1 /* MarvelApp */,
				201768332C14D79D00F762E1 /* Products */,
			);
			sourceTree = "<group>";
		};
		201768332C14D79D00F762E1 /* Products */ = {
			isa = PBXGroup;
			children = (
				201768322C14D79D00F762E1 /* MarvelApp.app */,
			);
			name = Products;
			sourceTree = "<group>";
		};
		201768342C14D79D00F762E1 /* MarvelApp */ = {
			isa = PBXGroup;
			children = (
				205D1AE22C247A88009AD2E8 /* Onboarding */,
				2017684D2C14D83F00F762E1 /* Application */,
				204A9A312C18E144002500BA /* TabBarController */,
				204A9A2E2C18D227002500BA /* Extensions */,
				204809962C160ABA0003F115 /* Resources */,
				206E0B592C2174D100B30BB4 /* Fabrics */,
				204809A52C1628F10003F115 /* Errors */,
				2048099C2C160FC30003F115 /* Services */,
				2017684C2C14D82A00F762E1 /* CoreData */,
				2084EC802C1717C400F6B8C6 /* Models */,
				204809802C15FE940003F115 /* HomeScreen */,
				204809812C15FF190003F115 /* SearchScreen */,
				204809822C15FF530003F115 /* LibraryScreen */,
				20FA22E62C19E44D00851850 /* ContentListScreen */,
				200383C02C1AF498009C03AB /* DetailScreens */,
				201768502C14D8FC00F762E1 /* SupportingFiles */,
				201768462C14D79F00F762E1 /* Info.plist */,
			);
			path = MarvelApp;
			sourceTree = "<group>";
		};
		2017684C2C14D82A00F762E1 /* CoreData */ = {
			isa = PBXGroup;
			children = (
				20D493082C1DEF4200DF3EDE /* Protocols */,
				20D492E12C1DD43100DF3EDE /* AdditionalContent */,
				20D492822C1C8C7800DF3EDE /* Character */,
				20D492852C1C8CA000DF3EDE /* Comic */,
				20D492842C1C8C9800DF3EDE /* Creator */,
				20D492832C1C8C8900DF3EDE /* Event */,
				20D492862C1C8CA600DF3EDE /* Series */,
				2017683E2C14D79D00F762E1 /* MarvelApp.xcdatamodeld */,
				20CA9C7A2C1C8AE60005709A /* CoreDataServiceProtocol.swift */,
				20CA9C772C1C8AB60005709A /* CoreDataService.swift */,
			);
			path = CoreData;
			sourceTree = "<group>";
		};
		2017684D2C14D83F00F762E1 /* Application */ = {
			isa = PBXGroup;
			children = (
				201768352C14D79D00F762E1 /* AppDelegate.swift */,
				201768372C14D79D00F762E1 /* SceneDelegate.swift */,
			);
			path = Application;
			sourceTree = "<group>";
		};
		201768502C14D8FC00F762E1 /* SupportingFiles */ = {
			isa = PBXGroup;
			children = (
				201768412C14D79F00F762E1 /* Assets.xcassets */,
				201768432C14D79F00F762E1 /* LaunchScreen.storyboard */,
			);
			path = SupportingFiles;
			sourceTree = "<group>";
		};
		204809802C15FE940003F115 /* HomeScreen */ = {
			isa = PBXGroup;
			children = (
				2084EC8D2C1736D000F6B8C6 /* HomeAssembly.swift */,
				204809992C160E000003F115 /* Navigation */,
				2048098F2C1605DC0003F115 /* DataSource */,
				204809832C16009C0003F115 /* Views */,
				204809842C1600AA0003F115 /* Presenter */,
			);
			path = HomeScreen;
			sourceTree = "<group>";
		};
		204809812C15FF190003F115 /* SearchScreen */ = {
			isa = PBXGroup;
			children = (
				20FA22D22C19A35000851850 /* SearchAssembly.swift */,
				20FA22CC2C199EBA00851850 /* Navigation */,
				20FA22CF2C199F7A00851850 /* DataSource */,
				20FA22D72C19AA8C00851850 /* SearchDataManager */,
				20FA22C22C199C0700851850 /* Views */,
				20FA22C62C199C8200851850 /* Presenter */,
			);
			path = SearchScreen;
			sourceTree = "<group>";
		};
		204809822C15FF530003F115 /* LibraryScreen */ = {
			isa = PBXGroup;
			children = (
				20CA9C592C1C79D70005709A /* LibraryAssembly.swift */,
				20CA9C532C1C79870005709A /* Navigation */,
				20CA9C542C1C798F0005709A /* DataSource */,
				20CA9C512C1C79680005709A /* Views */,
				20CA9C522C1C79740005709A /* Presenter */,
			);
			path = LibraryScreen;
			sourceTree = "<group>";
		};
		204809832C16009C0003F115 /* Views */ = {
			isa = PBXGroup;
			children = (
				204809852C1600BD0003F115 /* Protocols */,
				204A9A2B2C18BA6C002500BA /* Headers */,
				204809882C1603610003F115 /* Cells */,
				208997882C1839EE003DADF6 /* ViewModels */,
				201768392C14D79D00F762E1 /* HomeViewController.swift */,
				204809862C16014D0003F115 /* HomeView.swift */,
			);
			path = Views;
			sourceTree = "<group>";
		};
		204809842C1600AA0003F115 /* Presenter */ = {
			isa = PBXGroup;
			children = (
				204809922C1608280003F115 /* HomePresenter.swift */,
			);
			path = Presenter;
			sourceTree = "<group>";
		};
		204809852C1600BD0003F115 /* Protocols */ = {
			isa = PBXGroup;
			children = (
				204809942C160A0F0003F115 /* HomeViewProtocol.swift */,
			);
			path = Protocols;
			sourceTree = "<group>";
		};
		204809882C1603610003F115 /* Cells */ = {
			isa = PBXGroup;
			children = (
				204809892C1603E60003F115 /* HomeCoverCollectionViewCell.swift */,
				2048098B2C1604AB0003F115 /* HomeComicCollectionViewCell.swift */,
				2048098D2C1604FE0003F115 /* HomeCharacterCollectionViewCell.swift */,
			);
			path = Cells;
			sourceTree = "<group>";
		};
		2048098F2C1605DC0003F115 /* DataSource */ = {
			isa = PBXGroup;
			children = (
				204809902C1606400003F115 /* HomeCollectionViewDataSource.swift */,
			);
			path = DataSource;
			sourceTree = "<group>";
		};
		204809962C160ABA0003F115 /* Resources */ = {
			isa = PBXGroup;
			children = (
				204809972C160ADE0003F115 /* AppColor.swift */,
				204A9A272C1893D3002500BA /* AppFont.swift */,
				206E0B5C2C21763100B30BB4 /* AppConstant.swift */,
			);
			path = Resources;
			sourceTree = "<group>";
		};
		204809992C160E000003F115 /* Navigation */ = {
			isa = PBXGroup;
			children = (
				2048099A2C160E0D0003F115 /* HomeRouter.swift */,
			);
			path = Navigation;
			sourceTree = "<group>";
		};
		2048099C2C160FC30003F115 /* Services */ = {
			isa = PBXGroup;
			children = (
				2048099D2C160FE00003F115 /* APIConstant.swift */,
				2048099F2C1610D90003F115 /* Endpoint.swift */,
				204809A12C16111C0003F115 /* NetworkServiceProtocol.swift */,
				204809A32C16112F0003F115 /* NetworkService.swift */,
				204809AC2C163DFF0003F115 /* NetworkModels */,
			);
			path = Services;
			sourceTree = "<group>";
		};
		204809A52C1628F10003F115 /* Errors */ = {
			isa = PBXGroup;
			children = (
				204809A62C1629040003F115 /* FetchError.swift */,
			);
			path = Errors;
			sourceTree = "<group>";
		};
		204809AC2C163DFF0003F115 /* NetworkModels */ = {
			isa = PBXGroup;
			children = (
				204809A82C1635520003F115 /* BaseResponseDTO.swift */,
				204809AF2C163E800003F115 /* DataClassDTO.swift */,
				204809AD2C163E290003F115 /* ComicDTO.swift */,
				204809AA2C1637840003F115 /* CharacterDTO.swift */,
				2084EC7A2C17102700F6B8C6 /* CreatorDTO.swift */,
				2084EC782C170E6900F6B8C6 /* SeriesDTO.swift */,
				2084EC7C2C17113000F6B8C6 /* EventDTO.swift */,
				204809B12C1643B50003F115 /* ThumbnailDTO.swift */,
				20CA9C4F2C1C66A20005709A /* TextObjectDTO.swift */,
			);
			path = NetworkModels;
			sourceTree = "<group>";
		};
		204A9A2B2C18BA6C002500BA /* Headers */ = {
			isa = PBXGroup;
			children = (
				204A9A2C2C18CCA8002500BA /* HomeCollectionViewSectionHeaderView.swift */,
			);
			path = Headers;
			sourceTree = "<group>";
		};
		204A9A2E2C18D227002500BA /* Extensions */ = {
			isa = PBXGroup;
			children = (
				204A9A2F2C18D23A002500BA /* UIColor+Extension.swift */,
				205D1ADE2C2437AD009AD2E8 /* String+Extension.swift */,
			);
			path = Extensions;
			sourceTree = "<group>";
		};
		204A9A312C18E144002500BA /* TabBarController */ = {
			isa = PBXGroup;
			children = (
				204A9A322C18E172002500BA /* TabBarController.swift */,
			);
			path = TabBarController;
			sourceTree = "<group>";
		};
		205D1AE22C247A88009AD2E8 /* Onboarding */ = {
			isa = PBXGroup;
			children = (
			);
			path = Onboarding;
			sourceTree = "<group>";
		};
		206E0B592C2174D100B30BB4 /* Fabrics */ = {
			isa = PBXGroup;
			children = (
				206E0B5A2C2174FE00B30BB4 /* AlertControllerFabric.swift */,
			);
			path = Fabrics;
			sourceTree = "<group>";
		};
		2084EC802C1717C400F6B8C6 /* Models */ = {
			isa = PBXGroup;
			children = (
				20CA9C492C1C348B0005709A /* Protocols */,
				20B456362C1B4195005AD068 /* ContentType.swift */,
				2084EC812C171CA000F6B8C6 /* Comic.swift */,
				2084EC842C171CBC00F6B8C6 /* Character.swift */,
				2084EC832C171CBC00F6B8C6 /* Creator.swift */,
				2084EC862C171CBC00F6B8C6 /* Series.swift */,
				2084EC852C171CBC00F6B8C6 /* Event.swift */,
				20D492F22C1DDB9F00DF3EDE /* AdditionalContent.swift */,
			);
			path = Models;
			sourceTree = "<group>";
		};
		208997882C1839EE003DADF6 /* ViewModels */ = {
			isa = PBXGroup;
			children = (
				2084EC8F2C17902100F6B8C6 /* HomeViewModel.swift */,
			);
			path = ViewModels;
			sourceTree = "<group>";
		};
		20B456152C1B370A005AD068 /* Navigation */ = {
			isa = PBXGroup;
			children = (
				20B456162C1B3725005AD068 /* ContentDetailRouter.swift */,
			);
			path = Navigation;
			sourceTree = "<group>";
		};
		20B456172C1B3798005AD068 /* DataSource */ = {
			isa = PBXGroup;
			children = (
				20B456182C1B3798005AD068 /* ContentDetailCollectionViewDataSource.swift */,
			);
			path = DataSource;
			sourceTree = "<group>";
		};
		20B456192C1B38F1005AD068 /* Views */ = {
			isa = PBXGroup;
			children = (
				20B4561A2C1B38FE005AD068 /* ViewModels */,
				20B4561B2C1B3909005AD068 /* Headers */,
				20B4561C2C1B3917005AD068 /* Cells */,
				20B4561D2C1B3928005AD068 /* Protocols */,
				20B456252C1B3B58005AD068 /* ContentDetailViewController.swift */,
				20B456262C1B3B58005AD068 /* ContentDetailView.swift */,
			);
			path = Views;
			sourceTree = "<group>";
		};
		20B4561A2C1B38FE005AD068 /* ViewModels */ = {
			isa = PBXGroup;
			children = (
				20B4561E2C1B3937005AD068 /* ContentDetailViewModel.swift */,
			);
			path = ViewModels;
			sourceTree = "<group>";
		};
		20B4561B2C1B3909005AD068 /* Headers */ = {
			isa = PBXGroup;
			children = (
				20B456212C1B39E3005AD068 /* ContentDetailCollectionViewSectionHeaderView.swift */,
			);
			path = Headers;
			sourceTree = "<group>";
		};
		20B4561C2C1B3917005AD068 /* Cells */ = {
			isa = PBXGroup;
			children = (
				20B456222C1B3A33005AD068 /* ContentDetailDescriptionCollectionViewCell.swift */,
				20B456232C1B3A34005AD068 /* ContentDetailContentCollectionViewCell.swift */,
			);
			path = Cells;
			sourceTree = "<group>";
		};
		20B4561D2C1B3928005AD068 /* Protocols */ = {
			isa = PBXGroup;
			children = (
				20B456242C1B3B22005AD068 /* ContentDetailViewProtocol.swift */,
			);
			path = Protocols;
			sourceTree = "<group>";
		};
		20B456272C1B3CA1005AD068 /* Presenter */ = {
			isa = PBXGroup;
			children = (
				20B456282C1B3CAF005AD068 /* ContentDetailPresenter.swift */,
			);
			path = Presenter;
			sourceTree = "<group>";
		};
		20CA9C492C1C348B0005709A /* Protocols */ = {
			isa = PBXGroup;
			children = (
				20CA9C4A2C1C34A30005709A /* DescriptableProtocol.swift */,
			);
			path = Protocols;
			sourceTree = "<group>";
		};
		20CA9C512C1C79680005709A /* Views */ = {
			isa = PBXGroup;
			children = (
				20CA9C582C1C79BB0005709A /* Protocols */,
				20CA9C572C1C79B30005709A /* Headers */,
				20CA9C562C1C79AD0005709A /* Cells */,
				20CA9C552C1C79A40005709A /* ViewModels */,
				20CA9C652C1C7F280005709A /* LibraryViewController.swift */,
				20CA9C642C1C7F280005709A /* LibraryView.swift */,
			);
			path = Views;
			sourceTree = "<group>";
		};
		20CA9C522C1C79740005709A /* Presenter */ = {
			isa = PBXGroup;
			children = (
				20CA9C662C1C84310005709A /* LibraryPresenter.swift */,
			);
			path = Presenter;
			sourceTree = "<group>";
		};
		20CA9C532C1C79870005709A /* Navigation */ = {
			isa = PBXGroup;
			children = (
				20CA9C5A2C1C7A1B0005709A /* LibraryRouter.swift */,
			);
			path = Navigation;
			sourceTree = "<group>";
		};
		20CA9C542C1C798F0005709A /* DataSource */ = {
			isa = PBXGroup;
			children = (
				20CA9C5B2C1C7A480005709A /* LibraryCollectionViewDataSource.swift */,
			);
			path = DataSource;
			sourceTree = "<group>";
		};
		20CA9C552C1C79A40005709A /* ViewModels */ = {
			isa = PBXGroup;
			children = (
				20CA9C622C1C7E0A0005709A /* LibraryViewModel.swift */,
			);
			path = ViewModels;
			sourceTree = "<group>";
		};
		20CA9C562C1C79AD0005709A /* Cells */ = {
			isa = PBXGroup;
			children = (
				20CA9C5F2C1C7CF20005709A /* LibraryContentCollectionViewCell.swift */,
				20CA9C602C1C7CF20005709A /* LibraryCharacterCollectionViewCell.swift */,
			);
			path = Cells;
			sourceTree = "<group>";
		};
		20CA9C572C1C79B30005709A /* Headers */ = {
			isa = PBXGroup;
			children = (
				20CA9C5D2C1C7CAE0005709A /* LibraryCollectionViewSectionHeaderView.swift */,
			);
			path = Headers;
			sourceTree = "<group>";
		};
		20CA9C582C1C79BB0005709A /* Protocols */ = {
			isa = PBXGroup;
			children = (
				20CA9C5C2C1C7C6D0005709A /* LibraryViewProtocol.swift */,
			);
			path = Protocols;
			sourceTree = "<group>";
		};
		20D492822C1C8C7800DF3EDE /* Character */ = {
			isa = PBXGroup;
			children = (
				20D492FA2C1DEE2600DF3EDE /* CharacterCDO+CoreDataClass.swift */,
				20D492FB2C1DEE2600DF3EDE /* CharacterCDO+CoreDataProperties.swift */,
			);
			path = Character;
			sourceTree = "<group>";
		};
		20D492832C1C8C8900DF3EDE /* Event */ = {
			isa = PBXGroup;
			children = (
				20D492F42C1DEE2600DF3EDE /* EventCDO+CoreDataClass.swift */,
				20D492F52C1DEE2600DF3EDE /* EventCDO+CoreDataProperties.swift */,
			);
			path = Event;
			sourceTree = "<group>";
		};
		20D492842C1C8C9800DF3EDE /* Creator */ = {
			isa = PBXGroup;
			children = (
				20D492F82C1DEE2600DF3EDE /* CreatorCDO+CoreDataClass.swift */,
				20D492F92C1DEE2600DF3EDE /* CreatorCDO+CoreDataProperties.swift */,
			);
			path = Creator;
			sourceTree = "<group>";
		};
		20D492852C1C8CA000DF3EDE /* Comic */ = {
			isa = PBXGroup;
			children = (
				20D492EC2C1DD6EC00DF3EDE /* ComicCDO+CoreDataClass.swift */,
				20D492ED2C1DD6EC00DF3EDE /* ComicCDO+CoreDataProperties.swift */,
			);
			path = Comic;
			sourceTree = "<group>";
		};
		20D492862C1C8CA600DF3EDE /* Series */ = {
			isa = PBXGroup;
			children = (
				20D492F62C1DEE2600DF3EDE /* SeriesCDO+CoreDataClass.swift */,
				20D492F72C1DEE2600DF3EDE /* SeriesCDO+CoreDataProperties.swift */,
			);
			path = Series;
			sourceTree = "<group>";
		};
		20D492E12C1DD43100DF3EDE /* AdditionalContent */ = {
			isa = PBXGroup;
			children = (
				205D1AE02C246AFB009AD2E8 /* AdditionalContentCDO+CoreDataClass.swift */,
				20D492FD2C1DEE2600DF3EDE /* AdditionalContentCDO+CoreDataProperties.swift */,
			);
			path = AdditionalContent;
			sourceTree = "<group>";
		};
		20D493082C1DEF4200DF3EDE /* Protocols */ = {
			isa = PBXGroup;
			children = (
				20D493092C1DEFEA00DF3EDE /* DescriptableProtocolCDO.swift */,
			);
			path = Protocols;
			sourceTree = "<group>";
		};
		20FA22C22C199C0700851850 /* Views */ = {
			isa = PBXGroup;
			children = (
				20FA22C92C199E0800851850 /* Protocols */,
				20FA22C32C199C0D00851850 /* Cells */,
				20FA22D42C19A8A700851850 /* ViewModels */,
				20FA22BE2C1996CE00851850 /* SearchViewController.swift */,
				20FA22C02C19989D00851850 /* SearchView.swift */,
				20FA22DE2C19B98300851850 /* SearchResultTableViewController.swift */,
			);
			path = Views;
			sourceTree = "<group>";
		};
		20FA22C32C199C0D00851850 /* Cells */ = {
			isa = PBXGroup;
			children = (
				20FA22C42C199C1400851850 /* SearchTableViewCell.swift */,
				20FA22E02C19BA4500851850 /* SearchResultTableViewCell.swift */,
			);
			path = Cells;
			sourceTree = "<group>";
		};
		20FA22C62C199C8200851850 /* Presenter */ = {
			isa = PBXGroup;
			children = (
				20FA22C72C199C8B00851850 /* SearchPresenter.swift */,
			);
			path = Presenter;
			sourceTree = "<group>";
		};
		20FA22C92C199E0800851850 /* Protocols */ = {
			isa = PBXGroup;
			children = (
				20FA22CA2C199E2000851850 /* SearchViewProtocol.swift */,
				20FA22E22C19CF3B00851850 /* SearchResultViewProtocol.swift */,
			);
			path = Protocols;
			sourceTree = "<group>";
		};
		20FA22CC2C199EBA00851850 /* Navigation */ = {
			isa = PBXGroup;
			children = (
				20FA22CD2C199ECD00851850 /* SearchRouter.swift */,
			);
			path = Navigation;
			sourceTree = "<group>";
		};
		20FA22CF2C199F7A00851850 /* DataSource */ = {
			isa = PBXGroup;
			children = (
				20FA22D02C19A01E00851850 /* SearchTableViewDataSource.swift */,
			);
			path = DataSource;
			sourceTree = "<group>";
		};
		20FA22D42C19A8A700851850 /* ViewModels */ = {
			isa = PBXGroup;
			children = (
				20FA22D52C19A8D900851850 /* SearchContentViewModel.swift */,
				20FA22E42C19D3D100851850 /* SearchResultContentViewModel.swift */,
			);
			path = ViewModels;
			sourceTree = "<group>";
		};
		20FA22D72C19AA8C00851850 /* SearchDataManager */ = {
			isa = PBXGroup;
			children = (
				20CA9C7C2C1C8B2C0005709A /* SearchDataManagerProtocol.swift */,
				20FA22D82C19AAA300851850 /* SearchDataManager.swift */,
				20FA22DA2C19AD1900851850 /* SearchContentDTO.swift */,
				20FA22DC2C19ADCE00851850 /* SearchContentData.json */,
			);
			path = SearchDataManager;
			sourceTree = "<group>";
		};
		20FA22E62C19E44D00851850 /* ContentListScreen */ = {
			isa = PBXGroup;
			children = (
				20FA22FF2C19F16B00851850 /* ContentListAssembly.swift */,
				20FA22EC2C19E4CD00851850 /* Navigation */,
				20FA22EB2C19E4C600851850 /* DataSource */,
				20FA22E72C19E47400851850 /* Views */,
				20FA22EA2C19E4AB00851850 /* Presenter */,
			);
			path = ContentListScreen;
			sourceTree = "<group>";
		};
		20FA22E72C19E47400851850 /* Views */ = {
			isa = PBXGroup;
			children = (
				20FA22E92C19E4A400851850 /* Cells */,
				20FA22E82C19E49800851850 /* Protocols */,
				20FA22FA2C19EB6600851850 /* ViewModels */,
				20FA22ED2C19E4F000851850 /* ContentListViewController.swift */,
				20FA22EF2C19E4FC00851850 /* ContentListView.swift */,
			);
			path = Views;
			sourceTree = "<group>";
		};
		20FA22E82C19E49800851850 /* Protocols */ = {
			isa = PBXGroup;
			children = (
				20FA22FD2C19EE0E00851850 /* ContentListViewProtocol.swift */,
			);
			path = Protocols;
			sourceTree = "<group>";
		};
		20FA22E92C19E4A400851850 /* Cells */ = {
			isa = PBXGroup;
			children = (
				20FA22F62C19E59500851850 /* ContentListCollectionViewCell.swift */,
			);
			path = Cells;
			sourceTree = "<group>";
		};
		20FA22EA2C19E4AB00851850 /* Presenter */ = {
			isa = PBXGroup;
			children = (
				20FA22F12C19E50C00851850 /* ContentListPresenter.swift */,
			);
			path = Presenter;
			sourceTree = "<group>";
		};
		20FA22EB2C19E4C600851850 /* DataSource */ = {
			isa = PBXGroup;
			children = (
				20FA22F82C19EA9E00851850 /* ContentListCollectionViewDataSource.swift */,
			);
			path = DataSource;
			sourceTree = "<group>";
		};
		20FA22EC2C19E4CD00851850 /* Navigation */ = {
			isa = PBXGroup;
			children = (
				20FA22F42C19E52A00851850 /* ContentListRouter.swift */,
			);
			path = Navigation;
			sourceTree = "<group>";
		};
		20FA22FA2C19EB6600851850 /* ViewModels */ = {
			isa = PBXGroup;
			children = (
				20FA22FB2C19EB7700851850 /* ContentListViewModel.swift */,
			);
			path = ViewModels;
			sourceTree = "<group>";
		};
/* End PBXGroup section */

/* Begin PBXNativeTarget section */
		201768312C14D79D00F762E1 /* MarvelApp */ = {
			isa = PBXNativeTarget;
			buildConfigurationList = 201768492C14D79F00F762E1 /* Build configuration list for PBXNativeTarget "MarvelApp" */;
			buildPhases = (
				2017682E2C14D79D00F762E1 /* Sources */,
				2017682F2C14D79D00F762E1 /* Frameworks */,
				201768302C14D79D00F762E1 /* Resources */,
			);
			buildRules = (
			);
			dependencies = (
			);
			name = MarvelApp;
			productName = MarvelApp;
			productReference = 201768322C14D79D00F762E1 /* MarvelApp.app */;
			productType = "com.apple.product-type.application";
		};
/* End PBXNativeTarget section */

/* Begin PBXProject section */
		2017682A2C14D79D00F762E1 /* Project object */ = {
			isa = PBXProject;
			attributes = {
				BuildIndependentTargetsInParallel = 1;
				LastSwiftUpdateCheck = 1340;
				LastUpgradeCheck = 1340;
				TargetAttributes = {
					201768312C14D79D00F762E1 = {
						CreatedOnToolsVersion = 13.4.1;
					};
				};
			};
			buildConfigurationList = 2017682D2C14D79D00F762E1 /* Build configuration list for PBXProject "MarvelApp" */;
			compatibilityVersion = "Xcode 13.0";
			developmentRegion = en;
			hasScannedForEncodings = 0;
			knownRegions = (
				en,
				Base,
			);
			mainGroup = 201768292C14D79D00F762E1;
			productRefGroup = 201768332C14D79D00F762E1 /* Products */;
			projectDirPath = "";
			projectRoot = "";
			targets = (
				201768312C14D79D00F762E1 /* MarvelApp */,
			);
		};
/* End PBXProject section */

/* Begin PBXResourcesBuildPhase section */
		201768302C14D79D00F762E1 /* Resources */ = {
			isa = PBXResourcesBuildPhase;
			buildActionMask = 2147483647;
			files = (
				20FA22DD2C19ADCE00851850 /* SearchContentData.json in Resources */,
				201768452C14D79F00F762E1 /* LaunchScreen.storyboard in Resources */,
				201768422C14D79F00F762E1 /* Assets.xcassets in Resources */,
			);
			runOnlyForDeploymentPostprocessing = 0;
		};
/* End PBXResourcesBuildPhase section */

/* Begin PBXSourcesBuildPhase section */
		2017682E2C14D79D00F762E1 /* Sources */ = {
			isa = PBXSourcesBuildPhase;
			buildActionMask = 2147483647;
			files = (
				2048098C2C1604AB0003F115 /* HomeComicCollectionViewCell.swift in Sources */,
				20CA9C762C1C86210005709A /* LibraryAssembly.swift in Sources */,
				20CA9C732C1C86180005709A /* LibraryViewProtocol.swift in Sources */,
				20CA9C6D2C1C860F0005709A /* LibraryViewController.swift in Sources */,
				20B456302C1B3E6E005AD068 /* ContentDetailDescriptionCollectionViewCell.swift in Sources */,
				20D493032C1DEE2600DF3EDE /* CreatorCDO+CoreDataProperties.swift in Sources */,
				20FA22CE2C199ECD00851850 /* SearchRouter.swift in Sources */,
				204A9A282C1893D3002500BA /* AppFont.swift in Sources */,
				20FA22C82C199C8B00851850 /* SearchPresenter.swift in Sources */,
				205D1ADF2C2437AD009AD2E8 /* String+Extension.swift in Sources */,
				2084EC8B2C171CBC00F6B8C6 /* Character.swift in Sources */,
				20D493022C1DEE2600DF3EDE /* CreatorCDO+CoreDataClass.swift in Sources */,
				2017683A2C14D79D00F762E1 /* HomeViewController.swift in Sources */,
				204809AE2C163E290003F115 /* ComicDTO.swift in Sources */,
				20D493042C1DEE2600DF3EDE /* CharacterCDO+CoreDataClass.swift in Sources */,
				20FA22CB2C199E2000851850 /* SearchViewProtocol.swift in Sources */,
				201768362C14D79D00F762E1 /* AppDelegate.swift in Sources */,
				20FA22E32C19CF3B00851850 /* SearchResultViewProtocol.swift in Sources */,
				20B4562F2C1B3E6A005AD068 /* ContentDetailCollectionViewSectionHeaderView.swift in Sources */,
				204809932C1608280003F115 /* HomePresenter.swift in Sources */,
				20CA9C702C1C86130005709A /* LibraryCharacterCollectionViewCell.swift in Sources */,
				20FA22D62C19A8D900851850 /* SearchContentViewModel.swift in Sources */,
				2084EC8E2C1736D000F6B8C6 /* HomeAssembly.swift in Sources */,
				204809A22C16111C0003F115 /* NetworkServiceProtocol.swift in Sources */,
				20B456322C1B3E71005AD068 /* ContentDetailViewProtocol.swift in Sources */,
				2084EC8A2C171CBC00F6B8C6 /* Series.swift in Sources */,
				20CA9C722C1C86150005709A /* LibraryCollectionViewSectionHeaderView.swift in Sources */,
				20B456332C1B3E75005AD068 /* ContentDetailViewController.swift in Sources */,
				206E0B5D2C21763100B30BB4 /* AppConstant.swift in Sources */,
				20FA22F92C19EA9E00851850 /* ContentListCollectionViewDataSource.swift in Sources */,
				2084EC882C171CBC00F6B8C6 /* Event.swift in Sources */,
				20FA22D12C19A01E00851850 /* SearchTableViewDataSource.swift in Sources */,
				204809AB2C1637840003F115 /* CharacterDTO.swift in Sources */,
				20D492FF2C1DEE2600DF3EDE /* EventCDO+CoreDataProperties.swift in Sources */,
				20CA9C7B2C1C8AE60005709A /* CoreDataServiceProtocol.swift in Sources */,
				20CA9C742C1C861B0005709A /* LibraryCollectionViewDataSource.swift in Sources */,
				20FA22DF2C19B98300851850 /* SearchResultTableViewController.swift in Sources */,
				204809A42C16112F0003F115 /* NetworkService.swift in Sources */,
				20CA9C672C1C86080005709A /* LibraryPresenter.swift in Sources */,
				204809A02C1610D90003F115 /* Endpoint.swift in Sources */,
				20CA9C6E2C1C860F0005709A /* LibraryView.swift in Sources */,
				20FA22C12C19989D00851850 /* SearchView.swift in Sources */,
				2084EC822C171CB200F6B8C6 /* Comic.swift in Sources */,
				20B456312C1B3E6E005AD068 /* ContentDetailContentCollectionViewCell.swift in Sources */,
				204809952C160A0F0003F115 /* HomeViewProtocol.swift in Sources */,
				204A9A2D2C18CCA8002500BA /* HomeCollectionViewSectionHeaderView.swift in Sources */,
				20FA22D92C19AAA300851850 /* SearchDataManager.swift in Sources */,
				20D493002C1DEE2600DF3EDE /* SeriesCDO+CoreDataClass.swift in Sources */,
				204809982C160ADE0003F115 /* AppColor.swift in Sources */,
				20B4562C2C1B3E65005AD068 /* ContentDetailViewModel.swift in Sources */,
				20FA22FE2C19EE0E00851850 /* ContentListViewProtocol.swift in Sources */,
				20FA22F72C19E59500851850 /* ContentListCollectionViewCell.swift in Sources */,
				2084EC7B2C17102700F6B8C6 /* CreatorDTO.swift in Sources */,
				2084EC792C170E6900F6B8C6 /* SeriesDTO.swift in Sources */,
				20FA22FC2C19EB7700851850 /* ContentListViewModel.swift in Sources */,
				20FA22E52C19D3D100851850 /* SearchResultContentViewModel.swift in Sources */,
				2048099B2C160E0D0003F115 /* HomeRouter.swift in Sources */,
				20CA9C782C1C8AB60005709A /* CoreDataService.swift in Sources */,
				2084EC892C171CBC00F6B8C6 /* Creator.swift in Sources */,
				20FA23002C19F16B00851850 /* ContentListAssembly.swift in Sources */,
				20D493072C1DEE2600DF3EDE /* AdditionalContentCDO+CoreDataProperties.swift in Sources */,
				201768402C14D79D00F762E1 /* MarvelApp.xcdatamodeld in Sources */,
				20B456292C1B3E5B005AD068 /* ContentDetailAssembly.swift in Sources */,
				20D4930A2C1DEFEA00DF3EDE /* DescriptableProtocolCDO.swift in Sources */,
				20CA9C4B2C1C34A30005709A /* DescriptableProtocol.swift in Sources */,
				20D492FE2C1DEE2600DF3EDE /* EventCDO+CoreDataClass.swift in Sources */,
				2048098A2C1603E60003F115 /* HomeCoverCollectionViewCell.swift in Sources */,
				204809B22C1643B50003F115 /* ThumbnailDTO.swift in Sources */,
				204A9A332C18E172002500BA /* TabBarController.swift in Sources */,
				2084EC902C17902100F6B8C6 /* HomeViewModel.swift in Sources */,
				20CA9C752C1C861F0005709A /* LibraryRouter.swift in Sources */,
				204809912C1606400003F115 /* HomeCollectionViewDataSource.swift in Sources */,
				20FA22EE2C19E4F000851850 /* ContentListViewController.swift in Sources */,
				2048098E2C1604FE0003F115 /* HomeCharacterCollectionViewCell.swift in Sources */,
				20CA9C7D2C1C8B2C0005709A /* SearchDataManagerProtocol.swift in Sources */,
				20D493012C1DEE2600DF3EDE /* SeriesCDO+CoreDataProperties.swift in Sources */,
				204809872C16014D0003F115 /* HomeView.swift in Sources */,
				20FA22F22C19E50C00851850 /* ContentListPresenter.swift in Sources */,
				20D492F02C1DD6EC00DF3EDE /* ComicCDO+CoreDataClass.swift in Sources */,
				20D493052C1DEE2600DF3EDE /* CharacterCDO+CoreDataProperties.swift in Sources */,
				204809A72C1629040003F115 /* FetchError.swift in Sources */,
				20CA9C712C1C86130005709A /* LibraryContentCollectionViewCell.swift in Sources */,
				204809B02C163E800003F115 /* DataClassDTO.swift in Sources */,
				20CA9C6C2C1C860F0005709A /* LibraryViewModel.swift in Sources */,
				20FA22D32C19A35000851850 /* SearchAssembly.swift in Sources */,
				20B456352C1B3E78005AD068 /* ContentDetailPresenter.swift in Sources */,
				206E0B5B2C2174FE00B30BB4 /* AlertControllerFabric.swift in Sources */,
				2048099E2C160FE00003F115 /* APIConstant.swift in Sources */,
				20FA22E12C19BA4500851850 /* SearchResultTableViewCell.swift in Sources */,
				201768382C14D79D00F762E1 /* SceneDelegate.swift in Sources */,
				20FA22C52C199C1400851850 /* SearchTableViewCell.swift in Sources */,
				20CA9C502C1C66A20005709A /* TextObjectDTO.swift in Sources */,
				20FA22DB2C19AD1900851850 /* SearchContentDTO.swift in Sources */,
				20D492F32C1DDB9F00DF3EDE /* AdditionalContent.swift in Sources */,
				20FA22BF2C1996CE00851850 /* SearchViewController.swift in Sources */,
				20FA22F02C19E4FC00851850 /* ContentListView.swift in Sources */,
				20FA22F52C19E52A00851850 /* ContentListRouter.swift in Sources */,
				2084EC7D2C17113000F6B8C6 /* EventDTO.swift in Sources */,
				20D492F12C1DD6EC00DF3EDE /* ComicCDO+CoreDataProperties.swift in Sources */,
				205D1AE12C246AFB009AD2E8 /* AdditionalContentCDO+CoreDataClass.swift in Sources */,
				204809A92C1635520003F115 /* BaseResponseDTO.swift in Sources */,
				20B456372C1B4195005AD068 /* ContentType.swift in Sources */,
				204A9A302C18D23A002500BA /* UIColor+Extension.swift in Sources */,
				20B456342C1B3E75005AD068 /* ContentDetailView.swift in Sources */,
				20B4562B2C1B3E61005AD068 /* ContentDetailCollectionViewDataSource.swift in Sources */,
				20B4562A2C1B3E5E005AD068 /* ContentDetailRouter.swift in Sources */,
			);
			runOnlyForDeploymentPostprocessing = 0;
		};
/* End PBXSourcesBuildPhase section */

/* Begin PBXVariantGroup section */
		201768432C14D79F00F762E1 /* LaunchScreen.storyboard */ = {
			isa = PBXVariantGroup;
			children = (
				201768442C14D79F00F762E1 /* Base */,
			);
			name = LaunchScreen.storyboard;
			sourceTree = "<group>";
		};
/* End PBXVariantGroup section */

/* Begin XCBuildConfiguration section */
		201768472C14D79F00F762E1 /* Debug */ = {
			isa = XCBuildConfiguration;
			buildSettings = {
				ALWAYS_SEARCH_USER_PATHS = NO;
				CLANG_ANALYZER_LOCALIZABILITY_NONLOCALIZED = YES;
				CLANG_ANALYZER_NONNULL = YES;
				CLANG_ANALYZER_NUMBER_OBJECT_CONVERSION = YES_AGGRESSIVE;
				CLANG_CXX_LANGUAGE_STANDARD = "gnu++17";
				CLANG_ENABLE_MODULES = YES;
				CLANG_ENABLE_OBJC_ARC = YES;
				CLANG_ENABLE_OBJC_WEAK = YES;
				CLANG_WARN_BLOCK_CAPTURE_AUTORELEASING = YES;
				CLANG_WARN_BOOL_CONVERSION = YES;
				CLANG_WARN_COMMA = YES;
				CLANG_WARN_CONSTANT_CONVERSION = YES;
				CLANG_WARN_DEPRECATED_OBJC_IMPLEMENTATIONS = YES;
				CLANG_WARN_DIRECT_OBJC_ISA_USAGE = YES_ERROR;
				CLANG_WARN_DOCUMENTATION_COMMENTS = YES;
				CLANG_WARN_EMPTY_BODY = YES;
				CLANG_WARN_ENUM_CONVERSION = YES;
				CLANG_WARN_INFINITE_RECURSION = YES;
				CLANG_WARN_INT_CONVERSION = YES;
				CLANG_WARN_NON_LITERAL_NULL_CONVERSION = YES;
				CLANG_WARN_OBJC_IMPLICIT_RETAIN_SELF = YES;
				CLANG_WARN_OBJC_LITERAL_CONVERSION = YES;
				CLANG_WARN_OBJC_ROOT_CLASS = YES_ERROR;
				CLANG_WARN_QUOTED_INCLUDE_IN_FRAMEWORK_HEADER = YES;
				CLANG_WARN_RANGE_LOOP_ANALYSIS = YES;
				CLANG_WARN_STRICT_PROTOTYPES = YES;
				CLANG_WARN_SUSPICIOUS_MOVE = YES;
				CLANG_WARN_UNGUARDED_AVAILABILITY = YES_AGGRESSIVE;
				CLANG_WARN_UNREACHABLE_CODE = YES;
				CLANG_WARN__DUPLICATE_METHOD_MATCH = YES;
				COPY_PHASE_STRIP = NO;
				DEBUG_INFORMATION_FORMAT = dwarf;
				ENABLE_STRICT_OBJC_MSGSEND = YES;
				ENABLE_TESTABILITY = YES;
				GCC_C_LANGUAGE_STANDARD = gnu11;
				GCC_DYNAMIC_NO_PIC = NO;
				GCC_NO_COMMON_BLOCKS = YES;
				GCC_OPTIMIZATION_LEVEL = 0;
				GCC_PREPROCESSOR_DEFINITIONS = (
					"DEBUG=1",
					"$(inherited)",
				);
				GCC_WARN_64_TO_32_BIT_CONVERSION = YES;
				GCC_WARN_ABOUT_RETURN_TYPE = YES_ERROR;
				GCC_WARN_UNDECLARED_SELECTOR = YES;
				GCC_WARN_UNINITIALIZED_AUTOS = YES_AGGRESSIVE;
				GCC_WARN_UNUSED_FUNCTION = YES;
				GCC_WARN_UNUSED_VARIABLE = YES;
				IPHONEOS_DEPLOYMENT_TARGET = 15.0;
				MTL_ENABLE_DEBUG_INFO = INCLUDE_SOURCE;
				MTL_FAST_MATH = YES;
				ONLY_ACTIVE_ARCH = YES;
				SDKROOT = iphoneos;
				SWIFT_ACTIVE_COMPILATION_CONDITIONS = DEBUG;
				SWIFT_OPTIMIZATION_LEVEL = "-Onone";
			};
			name = Debug;
		};
		201768482C14D79F00F762E1 /* Release */ = {
			isa = XCBuildConfiguration;
			buildSettings = {
				ALWAYS_SEARCH_USER_PATHS = NO;
				CLANG_ANALYZER_LOCALIZABILITY_NONLOCALIZED = YES;
				CLANG_ANALYZER_NONNULL = YES;
				CLANG_ANALYZER_NUMBER_OBJECT_CONVERSION = YES_AGGRESSIVE;
				CLANG_CXX_LANGUAGE_STANDARD = "gnu++17";
				CLANG_ENABLE_MODULES = YES;
				CLANG_ENABLE_OBJC_ARC = YES;
				CLANG_ENABLE_OBJC_WEAK = YES;
				CLANG_WARN_BLOCK_CAPTURE_AUTORELEASING = YES;
				CLANG_WARN_BOOL_CONVERSION = YES;
				CLANG_WARN_COMMA = YES;
				CLANG_WARN_CONSTANT_CONVERSION = YES;
				CLANG_WARN_DEPRECATED_OBJC_IMPLEMENTATIONS = YES;
				CLANG_WARN_DIRECT_OBJC_ISA_USAGE = YES_ERROR;
				CLANG_WARN_DOCUMENTATION_COMMENTS = YES;
				CLANG_WARN_EMPTY_BODY = YES;
				CLANG_WARN_ENUM_CONVERSION = YES;
				CLANG_WARN_INFINITE_RECURSION = YES;
				CLANG_WARN_INT_CONVERSION = YES;
				CLANG_WARN_NON_LITERAL_NULL_CONVERSION = YES;
				CLANG_WARN_OBJC_IMPLICIT_RETAIN_SELF = YES;
				CLANG_WARN_OBJC_LITERAL_CONVERSION = YES;
				CLANG_WARN_OBJC_ROOT_CLASS = YES_ERROR;
				CLANG_WARN_QUOTED_INCLUDE_IN_FRAMEWORK_HEADER = YES;
				CLANG_WARN_RANGE_LOOP_ANALYSIS = YES;
				CLANG_WARN_STRICT_PROTOTYPES = YES;
				CLANG_WARN_SUSPICIOUS_MOVE = YES;
				CLANG_WARN_UNGUARDED_AVAILABILITY = YES_AGGRESSIVE;
				CLANG_WARN_UNREACHABLE_CODE = YES;
				CLANG_WARN__DUPLICATE_METHOD_MATCH = YES;
				COPY_PHASE_STRIP = NO;
				DEBUG_INFORMATION_FORMAT = "dwarf-with-dsym";
				ENABLE_NS_ASSERTIONS = NO;
				ENABLE_STRICT_OBJC_MSGSEND = YES;
				GCC_C_LANGUAGE_STANDARD = gnu11;
				GCC_NO_COMMON_BLOCKS = YES;
				GCC_WARN_64_TO_32_BIT_CONVERSION = YES;
				GCC_WARN_ABOUT_RETURN_TYPE = YES_ERROR;
				GCC_WARN_UNDECLARED_SELECTOR = YES;
				GCC_WARN_UNINITIALIZED_AUTOS = YES_AGGRESSIVE;
				GCC_WARN_UNUSED_FUNCTION = YES;
				GCC_WARN_UNUSED_VARIABLE = YES;
				IPHONEOS_DEPLOYMENT_TARGET = 15.0;
				MTL_ENABLE_DEBUG_INFO = NO;
				MTL_FAST_MATH = YES;
				SDKROOT = iphoneos;
				SWIFT_COMPILATION_MODE = wholemodule;
				SWIFT_OPTIMIZATION_LEVEL = "-O";
				VALIDATE_PRODUCT = YES;
			};
			name = Release;
		};
		2017684A2C14D79F00F762E1 /* Debug */ = {
			isa = XCBuildConfiguration;
			buildSettings = {
				ASSETCATALOG_COMPILER_APPICON_NAME = AppIcon;
				ASSETCATALOG_COMPILER_GLOBAL_ACCENT_COLOR_NAME = AccentColor;
				CODE_SIGN_STYLE = Automatic;
				CURRENT_PROJECT_VERSION = 1;
				DEVELOPMENT_TEAM = J8XKZC7XQX;
				GENERATE_INFOPLIST_FILE = YES;
				INFOPLIST_FILE = MarvelApp/Info.plist;
				INFOPLIST_KEY_UIApplicationSupportsIndirectInputEvents = YES;
				INFOPLIST_KEY_UILaunchStoryboardName = LaunchScreen;
				INFOPLIST_KEY_UISupportedInterfaceOrientations_iPad = "UIInterfaceOrientationPortrait UIInterfaceOrientationPortraitUpsideDown UIInterfaceOrientationLandscapeLeft UIInterfaceOrientationLandscapeRight";
				INFOPLIST_KEY_UISupportedInterfaceOrientations_iPhone = "UIInterfaceOrientationPortrait UIInterfaceOrientationLandscapeLeft UIInterfaceOrientationLandscapeRight";
				IPHONEOS_DEPLOYMENT_TARGET = 15.0;
				LD_RUNPATH_SEARCH_PATHS = (
					"$(inherited)",
					"@executable_path/Frameworks",
				);
				MARKETING_VERSION = 1.0;
				PRODUCT_BUNDLE_IDENTIFIER = com.rafbull.MarvelApp;
				PRODUCT_NAME = "$(TARGET_NAME)";
				SWIFT_EMIT_LOC_STRINGS = YES;
				SWIFT_VERSION = 5.0;
				TARGETED_DEVICE_FAMILY = 1;
			};
			name = Debug;
		};
		2017684B2C14D79F00F762E1 /* Release */ = {
			isa = XCBuildConfiguration;
			buildSettings = {
				ASSETCATALOG_COMPILER_APPICON_NAME = AppIcon;
				ASSETCATALOG_COMPILER_GLOBAL_ACCENT_COLOR_NAME = AccentColor;
				CODE_SIGN_STYLE = Automatic;
				CURRENT_PROJECT_VERSION = 1;
				DEVELOPMENT_TEAM = J8XKZC7XQX;
				GENERATE_INFOPLIST_FILE = YES;
				INFOPLIST_FILE = MarvelApp/Info.plist;
				INFOPLIST_KEY_UIApplicationSupportsIndirectInputEvents = YES;
				INFOPLIST_KEY_UILaunchStoryboardName = LaunchScreen;
				INFOPLIST_KEY_UISupportedInterfaceOrientations_iPad = "UIInterfaceOrientationPortrait UIInterfaceOrientationPortraitUpsideDown UIInterfaceOrientationLandscapeLeft UIInterfaceOrientationLandscapeRight";
				INFOPLIST_KEY_UISupportedInterfaceOrientations_iPhone = "UIInterfaceOrientationPortrait UIInterfaceOrientationLandscapeLeft UIInterfaceOrientationLandscapeRight";
				IPHONEOS_DEPLOYMENT_TARGET = 15.0;
				LD_RUNPATH_SEARCH_PATHS = (
					"$(inherited)",
					"@executable_path/Frameworks",
				);
				MARKETING_VERSION = 1.0;
				PRODUCT_BUNDLE_IDENTIFIER = com.rafbull.MarvelApp;
				PRODUCT_NAME = "$(TARGET_NAME)";
				SWIFT_EMIT_LOC_STRINGS = YES;
				SWIFT_VERSION = 5.0;
				TARGETED_DEVICE_FAMILY = 1;
			};
			name = Release;
		};
/* End XCBuildConfiguration section */

/* Begin XCConfigurationList section */
		2017682D2C14D79D00F762E1 /* Build configuration list for PBXProject "MarvelApp" */ = {
			isa = XCConfigurationList;
			buildConfigurations = (
				201768472C14D79F00F762E1 /* Debug */,
				201768482C14D79F00F762E1 /* Release */,
			);
			defaultConfigurationIsVisible = 0;
			defaultConfigurationName = Release;
		};
		201768492C14D79F00F762E1 /* Build configuration list for PBXNativeTarget "MarvelApp" */ = {
			isa = XCConfigurationList;
			buildConfigurations = (
				2017684A2C14D79F00F762E1 /* Debug */,
				2017684B2C14D79F00F762E1 /* Release */,
			);
			defaultConfigurationIsVisible = 0;
			defaultConfigurationName = Release;
		};
/* End XCConfigurationList section */

/* Begin XCVersionGroup section */
		2017683E2C14D79D00F762E1 /* MarvelApp.xcdatamodeld */ = {
			isa = XCVersionGroup;
			children = (
				2017683F2C14D79D00F762E1 /* MarvelApp.xcdatamodel */,
			);
			currentVersion = 2017683F2C14D79D00F762E1 /* MarvelApp.xcdatamodel */;
			path = MarvelApp.xcdatamodeld;
			sourceTree = "<group>";
			versionGroupType = wrapper.xcdatamodel;
		};
/* End XCVersionGroup section */
	};
	rootObject = 2017682A2C14D79D00F762E1 /* Project object */;
}
